// !$*UTF8*$!
{
	archiveVersion = 1;
	classes = {
	};
	objectVersion = 50;
	objects = {

/* Begin PBXBuildFile section */
		8C50D35921662596006DFBFA /* AppDelegate.swift in Sources */ = {isa = PBXBuildFile; fileRef = 8C50D35821662596006DFBFA /* AppDelegate.swift */; };
		8C50D35B21662596006DFBFA /* ViewController.swift in Sources */ = {isa = PBXBuildFile; fileRef = 8C50D35A21662596006DFBFA /* ViewController.swift */; };
		8C50D35E21662596006DFBFA /* Main.storyboard in Resources */ = {isa = PBXBuildFile; fileRef = 8C50D35C21662596006DFBFA /* Main.storyboard */; };
		8C50D36121662596006DFBFA /* Slider.xcdatamodeld in Sources */ = {isa = PBXBuildFile; fileRef = 8C50D35F21662596006DFBFA /* Slider.xcdatamodeld */; };
		8C50D363216625A0006DFBFA /* Assets.xcassets in Resources */ = {isa = PBXBuildFile; fileRef = 8C50D362216625A0006DFBFA /* Assets.xcassets */; };
		8C50D366216625A0006DFBFA /* LaunchScreen.storyboard in Resources */ = {isa = PBXBuildFile; fileRef = 8C50D364216625A0006DFBFA /* LaunchScreen.storyboard */; };
		8C50D371216625A0006DFBFA /* SliderTests.swift in Sources */ = {isa = PBXBuildFile; fileRef = 8C50D370216625A0006DFBFA /* SliderTests.swift */; };
		8C50D37C216625A0006DFBFA /* SliderUITests.swift in Sources */ = {isa = PBXBuildFile; fileRef = 8C50D37B216625A0006DFBFA /* SliderUITests.swift */; };
/* End PBXBuildFile section */

/* Begin PBXContainerItemProxy section */
		8C50D36D216625A0006DFBFA /* PBXContainerItemProxy */ = {
			isa = PBXContainerItemProxy;
			containerPortal = 8C50D34D21662596006DFBFA /* Project object */;
			proxyType = 1;
			remoteGlobalIDString = 8C50D35421662596006DFBFA;
			remoteInfo = Slider;
		};
		8C50D378216625A0006DFBFA /* PBXContainerItemProxy */ = {
			isa = PBXContainerItemProxy;
			containerPortal = 8C50D34D21662596006DFBFA /* Project object */;
			proxyType = 1;
			remoteGlobalIDString = 8C50D35421662596006DFBFA;
			remoteInfo = Slider;
		};
/* End PBXContainerItemProxy section */

/* Begin PBXFileReference section */
		8C50D35521662596006DFBFA /* Slider.app */ = {isa = PBXFileReference; explicitFileType = wrapper.application; includeInIndex = 0; path = Slider.app; sourceTree = BUILT_PRODUCTS_DIR; };
		8C50D35821662596006DFBFA /* AppDelegate.swift */ = {isa = PBXFileReference; lastKnownFileType = sourcecode.swift; path = AppDelegate.swift; sourceTree = "<group>"; };
		8C50D35A21662596006DFBFA /* ViewController.swift */ = {isa = PBXFileReference; lastKnownFileType = sourcecode.swift; path = ViewController.swift; sourceTree = "<group>"; };
		8C50D35D21662596006DFBFA /* Base */ = {isa = PBXFileReference; lastKnownFileType = file.storyboard; name = Base; path = Base.lproj/Main.storyboard; sourceTree = "<group>"; };
		8C50D36021662596006DFBFA /* Slider.xcdatamodel */ = {isa = PBXFileReference; lastKnownFileType = wrapper.xcdatamodel; path = Slider.xcdatamodel; sourceTree = "<group>"; };
		8C50D362216625A0006DFBFA /* Assets.xcassets */ = {isa = PBXFileReference; lastKnownFileType = folder.assetcatalog; path = Assets.xcassets; sourceTree = "<group>"; };
		8C50D365216625A0006DFBFA /* Base */ = {isa = PBXFileReference; lastKnownFileType = file.storyboard; name = Base; path = Base.lproj/LaunchScreen.storyboard; sourceTree = "<group>"; };
		8C50D367216625A0006DFBFA /* Info.plist */ = {isa = PBXFileReference; lastKnownFileType = text.plist.xml; path = Info.plist; sourceTree = "<group>"; };
		8C50D36C216625A0006DFBFA /* SliderTests.xctest */ = {isa = PBXFileReference; explicitFileType = wrapper.cfbundle; includeInIndex = 0; path = SliderTests.xctest; sourceTree = BUILT_PRODUCTS_DIR; };
		8C50D370216625A0006DFBFA /* SliderTests.swift */ = {isa = PBXFileReference; lastKnownFileType = sourcecode.swift; path = SliderTests.swift; sourceTree = "<group>"; };
		8C50D372216625A0006DFBFA /* Info.plist */ = {isa = PBXFileReference; lastKnownFileType = text.plist.xml; path = Info.plist; sourceTree = "<group>"; };
		8C50D377216625A0006DFBFA /* SliderUITests.xctest */ = {isa = PBXFileReference; explicitFileType = wrapper.cfbundle; includeInIndex = 0; path = SliderUITests.xctest; sourceTree = BUILT_PRODUCTS_DIR; };
		8C50D37B216625A0006DFBFA /* SliderUITests.swift */ = {isa = PBXFileReference; lastKnownFileType = sourcecode.swift; path = SliderUITests.swift; sourceTree = "<group>"; };
		8C50D37D216625A0006DFBFA /* Info.plist */ = {isa = PBXFileReference; lastKnownFileType = text.plist.xml; path = Info.plist; sourceTree = "<group>"; };
/* End PBXFileReference section */

/* Begin PBXFrameworksBuildPhase section */
		8C50D35221662596006DFBFA /* Frameworks */ = {
			isa = PBXFrameworksBuildPhase;
			buildActionMask = 2147483647;
			files = (
			);
			runOnlyForDeploymentPostprocessing = 0;
		};
		8C50D369216625A0006DFBFA /* Frameworks */ = {
			isa = PBXFrameworksBuildPhase;
			buildActionMask = 2147483647;
			files = (
			);
			runOnlyForDeploymentPostprocessing = 0;
		};
		8C50D374216625A0006DFBFA /* Frameworks */ = {
			isa = PBXFrameworksBuildPhase;
			buildActionMask = 2147483647;
			files = (
			);
			runOnlyForDeploymentPostprocessing = 0;
		};
/* End PBXFrameworksBuildPhase section */

/* Begin PBXGroup section */
		8C50D34C21662596006DFBFA = {
			isa = PBXGroup;
			children = (
				8C50D35721662596006DFBFA /* Slider */,
				8C50D36F216625A0006DFBFA /* SliderTests */,
				8C50D37A216625A0006DFBFA /* SliderUITests */,
				8C50D35621662596006DFBFA /* Products */,
			);
			sourceTree = "<group>";
		};
		8C50D35621662596006DFBFA /* Products */ = {
			isa = PBXGroup;
			children = (
				8C50D35521662596006DFBFA /* Slider.app */,
				8C50D36C216625A0006DFBFA /* SliderTests.xctest */,
				8C50D377216625A0006DFBFA /* SliderUITests.xctest */,
			);
			name = Products;
			sourceTree = "<group>";
		};
		8C50D35721662596006DFBFA /* Slider */ = {
			isa = PBXGroup;
			children = (
				8C50D35821662596006DFBFA /* AppDelegate.swift */,
				8C50D35A21662596006DFBFA /* ViewController.swift */,
				8C50D35C21662596006DFBFA /* Main.storyboard */,
				8C50D362216625A0006DFBFA /* Assets.xcassets */,
				8C50D364216625A0006DFBFA /* LaunchScreen.storyboard */,
				8C50D367216625A0006DFBFA /* Info.plist */,
				8C50D35F21662596006DFBFA /* Slider.xcdatamodeld */,
			);
			path = Slider;
			sourceTree = "<group>";
		};
		8C50D36F216625A0006DFBFA /* SliderTests */ = {
			isa = PBXGroup;
			children = (
				8C50D370216625A0006DFBFA /* SliderTests.swift */,
				8C50D372216625A0006DFBFA /* Info.plist */,
			);
			path = SliderTests;
			sourceTree = "<group>";
		};
		8C50D37A216625A0006DFBFA /* SliderUITests */ = {
			isa = PBXGroup;
			children = (
				8C50D37B216625A0006DFBFA /* SliderUITests.swift */,
				8C50D37D216625A0006DFBFA /* Info.plist */,
			);
			path = SliderUITests;
			sourceTree = "<group>";
		};
/* End PBXGroup section */

/* Begin PBXNativeTarget section */
		8C50D35421662596006DFBFA /* Slider */ = {
			isa = PBXNativeTarget;
			buildConfigurationList = 8C50D380216625A0006DFBFA /* Build configuration list for PBXNativeTarget "Slider" */;
			buildPhases = (
				8C50D35121662596006DFBFA /* Sources */,
				8C50D35221662596006DFBFA /* Frameworks */,
				8C50D35321662596006DFBFA /* Resources */,
			);
			buildRules = (
			);
			dependencies = (
			);
			name = Slider;
			productName = Slider;
			productReference = 8C50D35521662596006DFBFA /* Slider.app */;
			productType = "com.apple.product-type.application";
		};
		8C50D36B216625A0006DFBFA /* SliderTests */ = {
			isa = PBXNativeTarget;
			buildConfigurationList = 8C50D383216625A0006DFBFA /* Build configuration list for PBXNativeTarget "SliderTests" */;
			buildPhases = (
				8C50D368216625A0006DFBFA /* Sources */,
				8C50D369216625A0006DFBFA /* Frameworks */,
				8C50D36A216625A0006DFBFA /* Resources */,
			);
			buildRules = (
			);
			dependencies = (
				8C50D36E216625A0006DFBFA /* PBXTargetDependency */,
			);
			name = SliderTests;
			productName = SliderTests;
			productReference = 8C50D36C216625A0006DFBFA /* SliderTests.xctest */;
			productType = "com.apple.product-type.bundle.unit-test";
		};
		8C50D376216625A0006DFBFA /* SliderUITests */ = {
			isa = PBXNativeTarget;
			buildConfigurationList = 8C50D386216625A0006DFBFA /* Build configuration list for PBXNativeTarget "SliderUITests" */;
			buildPhases = (
				8C50D373216625A0006DFBFA /* Sources */,
				8C50D374216625A0006DFBFA /* Frameworks */,
				8C50D375216625A0006DFBFA /* Resources */,
			);
			buildRules = (
			);
			dependencies = (
				8C50D379216625A0006DFBFA /* PBXTargetDependency */,
			);
			name = SliderUITests;
			productName = SliderUITests;
			productReference = 8C50D377216625A0006DFBFA /* SliderUITests.xctest */;
			productType = "com.apple.product-type.bundle.ui-testing";
		};
/* End PBXNativeTarget section */

/* Begin PBXProject section */
		8C50D34D21662596006DFBFA /* Project object */ = {
			isa = PBXProject;
			attributes = {
				LastSwiftUpdateCheck = 1000;
				LastUpgradeCheck = 1000;
				ORGANIZATIONNAME = "Sandeep Palod";
				TargetAttributes = {
					8C50D35421662596006DFBFA = {
						CreatedOnToolsVersion = 10.0;
					};
					8C50D36B216625A0006DFBFA = {
						CreatedOnToolsVersion = 10.0;
						TestTargetID = 8C50D35421662596006DFBFA;
					};
					8C50D376216625A0006DFBFA = {
						CreatedOnToolsVersion = 10.0;
						TestTargetID = 8C50D35421662596006DFBFA;
					};
				};
			};
			buildConfigurationList = 8C50D35021662596006DFBFA /* Build configuration list for PBXProject "Slider" */;
			compatibilityVersion = "Xcode 9.3";
			developmentRegion = en;
			hasScannedForEncodings = 0;
			knownRegions = (
				en,
				Base,
			);
			mainGroup = 8C50D34C21662596006DFBFA;
			productRefGroup = 8C50D35621662596006DFBFA /* Products */;
			projectDirPath = "";
			projectRoot = "";
			targets = (
				8C50D35421662596006DFBFA /* Slider */,
				8C50D36B216625A0006DFBFA /* SliderTests */,
				8C50D376216625A0006DFBFA /* SliderUITests */,
			);
		};
/* End PBXProject section */

/* Begin PBXResourcesBuildPhase section */
		8C50D35321662596006DFBFA /* Resources */ = {
			isa = PBXResourcesBuildPhase;
			buildActionMask = 2147483647;
			files = (
				8C50D366216625A0006DFBFA /* LaunchScreen.storyboard in Resources */,
				8C50D363216625A0006DFBFA /* Assets.xcassets in Resources */,
				8C50D35E21662596006DFBFA /* Main.storyboard in Resources */,
			);
			runOnlyForDeploymentPostprocessing = 0;
		};
		8C50D36A216625A0006DFBFA /* Resources */ = {
			isa = PBXResourcesBuildPhase;
			buildActionMask = 2147483647;
			files = (
			);
			runOnlyForDeploymentPostprocessing = 0;
		};
		8C50D375216625A0006DFBFA /* Resources */ = {
			isa = PBXResourcesBuildPhase;
			buildActionMask = 2147483647;
			files = (
			);
			runOnlyForDeploymentPostprocessing = 0;
		};
/* End PBXResourcesBuildPhase section */

/* Begin PBXSourcesBuildPhase section */
		8C50D35121662596006DFBFA /* Sources */ = {
			isa = PBXSourcesBuildPhase;
			buildActionMask = 2147483647;
			files = (
				8C50D35B21662596006DFBFA /* ViewController.swift in Sources */,
				8C50D36121662596006DFBFA /* Slider.xcdatamodeld in Sources */,
				8C50D35921662596006DFBFA /* AppDelegate.swift in Sources */,
			);
			runOnlyForDeploymentPostprocessing = 0;
		};
		8C50D368216625A0006DFBFA /* Sources */ = {
			isa = PBXSourcesBuildPhase;
			buildActionMask = 2147483647;
			files = (
				8C50D371216625A0006DFBFA /* SliderTests.swift in Sources */,
			);
			runOnlyForDeploymentPostprocessing = 0;
		};
		8C50D373216625A0006DFBFA /* Sources */ = {
			isa = PBXSourcesBuildPhase;
			buildActionMask = 2147483647;
			files = (
				8C50D37C216625A0006DFBFA /* SliderUITests.swift in Sources */,
			);
			runOnlyForDeploymentPostprocessing = 0;
		};
/* End PBXSourcesBuildPhase section */

/* Begin PBXTargetDependency section */
		8C50D36E216625A0006DFBFA /* PBXTargetDependency */ = {
			isa = PBXTargetDependency;
			target = 8C50D35421662596006DFBFA /* Slider */;
			targetProxy = 8C50D36D216625A0006DFBFA /* PBXContainerItemProxy */;
		};
		8C50D379216625A0006DFBFA /* PBXTargetDependency */ = {
			isa = PBXTargetDependency;
			target = 8C50D35421662596006DFBFA /* Slider */;
			targetProxy = 8C50D378216625A0006DFBFA /* PBXContainerItemProxy */;
		};
/* End PBXTargetDependency section */

/* Begin PBXVariantGroup section */
		8C50D35C21662596006DFBFA /* Main.storyboard */ = {
			isa = PBXVariantGroup;
			children = (
				8C50D35D21662596006DFBFA /* Base */,
			);
			name = Main.storyboard;
			sourceTree = "<group>";
		};
		8C50D364216625A0006DFBFA /* LaunchScreen.storyboard */ = {
			isa = PBXVariantGroup;
			children = (
				8C50D365216625A0006DFBFA /* Base */,
			);
			name = LaunchScreen.storyboard;
			sourceTree = "<group>";
		};
/* End PBXVariantGroup section */

/* Begin XCBuildConfiguration section */
		8C50D37E216625A0006DFBFA /* Debug */ = {
			isa = XCBuildConfiguration;
			buildSettings = {
				ALWAYS_SEARCH_USER_PATHS = NO;
				CLANG_ANALYZER_NONNULL = YES;
				CLANG_ANALYZER_NUMBER_OBJECT_CONVERSION = YES_AGGRESSIVE;
				CLANG_CXX_LANGUAGE_STANDARD = "gnu++14";
				CLANG_CXX_LIBRARY = "libc++";
				CLANG_ENABLE_MODULES = YES;
				CLANG_ENABLE_OBJC_ARC = YES;
				CLANG_ENABLE_OBJC_WEAK = YES;
				CLANG_WARN_BLOCK_CAPTURE_AUTORELEASING = YES;
				CLANG_WARN_BOOL_CONVERSION = YES;
				CLANG_WARN_COMMA = YES;
				CLANG_WARN_CONSTANT_CONVERSION = YES;
				CLANG_WARN_DEPRECATED_OBJC_IMPLEMENTATIONS = YES;
				CLANG_WARN_DIRECT_OBJC_ISA_USAGE = YES_ERROR;
				CLANG_WARN_DOCUMENTATION_COMMENTS = YES;
				CLANG_WARN_EMPTY_BODY = YES;
				CLANG_WARN_ENUM_CONVERSION = YES;
				CLANG_WARN_INFINITE_RECURSION = YES;
				CLANG_WARN_INT_CONVERSION = YES;
				CLANG_WARN_NON_LITERAL_NULL_CONVERSION = YES;
				CLANG_WARN_OBJC_IMPLICIT_RETAIN_SELF = YES;
				CLANG_WARN_OBJC_LITERAL_CONVERSION = YES;
				CLANG_WARN_OBJC_ROOT_CLASS = YES_ERROR;
				CLANG_WARN_RANGE_LOOP_ANALYSIS = YES;
				CLANG_WARN_STRICT_PROTOTYPES = YES;
				CLANG_WARN_SUSPICIOUS_MOVE = YES;
				CLANG_WARN_UNGUARDED_AVAILABILITY = YES_AGGRESSIVE;
				CLANG_WARN_UNREACHABLE_CODE = YES;
				CLANG_WARN__DUPLICATE_METHOD_MATCH = YES;
				CODE_SIGN_IDENTITY = "iPhone Developer";
				COPY_PHASE_STRIP = NO;
				DEBUG_INFORMATION_FORMAT = dwarf;
				ENABLE_STRICT_OBJC_MSGSEND = YES;
				ENABLE_TESTABILITY = YES;
				GCC_C_LANGUAGE_STANDARD = gnu11;
				GCC_DYNAMIC_NO_PIC = NO;
				GCC_NO_COMMON_BLOCKS = YES;
				GCC_OPTIMIZATION_LEVEL = 0;
				GCC_PREPROCESSOR_DEFINITIONS = (
					"DEBUG=1",
					"$(inherited)",
				);
				GCC_WARN_64_TO_32_BIT_CONVERSION = YES;
				GCC_WARN_ABOUT_RETURN_TYPE = YES_ERROR;
				GCC_WARN_UNDECLARED_SELECTOR = YES;
				GCC_WARN_UNINITIALIZED_AUTOS = YES_AGGRESSIVE;
				GCC_WARN_UNUSED_FUNCTION = YES;
				GCC_WARN_UNUSED_VARIABLE = YES;
				IPHONEOS_DEPLOYMENT_TARGET = 12.0;
				MTL_ENABLE_DEBUG_INFO = INCLUDE_SOURCE;
				MTL_FAST_MATH = YES;
				ONLY_ACTIVE_ARCH = YES;
				SDKROOT = iphoneos;
				SWIFT_ACTIVE_COMPILATION_CONDITIONS = DEBUG;
				SWIFT_OPTIMIZATION_LEVEL = "-Onone";
			};
			name = Debug;
		};
		8C50D37F216625A0006DFBFA /* Release */ = {
			isa = XCBuildConfiguration;
			buildSettings = {
				ALWAYS_SEARCH_USER_PATHS = NO;
				CLANG_ANALYZER_NONNULL = YES;
				CLANG_ANALYZER_NUMBER_OBJECT_CONVERSION = YES_AGGRESSIVE;
				CLANG_CXX_LANGUAGE_STANDARD = "gnu++14";
				CLANG_CXX_LIBRARY = "libc++";
				CLANG_ENABLE_MODULES = YES;
				CLANG_ENABLE_OBJC_ARC = YES;
				CLANG_ENABLE_OBJC_WEAK = YES;
				CLANG_WARN_BLOCK_CAPTURE_AUTORELEASING = YES;
				CLANG_WARN_BOOL_CONVERSION = YES;
				CLANG_WARN_COMMA = YES;
				CLANG_WARN_CONSTANT_CONVERSION = YES;
				CLANG_WARN_DEPRECATED_OBJC_IMPLEMENTATIONS = YES;
				CLANG_WARN_DIRECT_OBJC_ISA_USAGE = YES_ERROR;
				CLANG_WARN_DOCUMENTATION_COMMENTS = YES;
				CLANG_WARN_EMPTY_BODY = YES;
				CLANG_WARN_ENUM_CONVERSION = YES;
				CLANG_WARN_INFINITE_RECURSION = YES;
				CLANG_WARN_INT_CONVERSION = YES;
				CLANG_WARN_NON_LITERAL_NULL_CONVERSION = YES;
				CLANG_WARN_OBJC_IMPLICIT_RETAIN_SELF = YES;
				CLANG_WARN_OBJC_LITERAL_CONVERSION = YES;
				CLANG_WARN_OBJC_ROOT_CLASS = YES_ERROR;
				CLANG_WARN_RANGE_LOOP_ANALYSIS = YES;
				CLANG_WARN_STRICT_PROTOTYPES = YES;
				CLANG_WARN_SUSPICIOUS_MOVE = YES;
				CLANG_WARN_UNGUARDED_AVAILABILITY = YES_AGGRESSIVE;
				CLANG_WARN_UNREACHABLE_CODE = YES;
				CLANG_WARN__DUPLICATE_METHOD_MATCH = YES;
				CODE_SIGN_IDENTITY = "iPhone Developer";
				COPY_PHASE_STRIP = NO;
				DEBUG_INFORMATION_FORMAT = "dwarf-with-dsym";
				ENABLE_NS_ASSERTIONS = NO;
				ENABLE_STRICT_OBJC_MSGSEND = YES;
				GCC_C_LANGUAGE_STANDARD = gnu11;
				GCC_NO_COMMON_BLOCKS = YES;
				GCC_WARN_64_TO_32_BIT_CONVERSION = YES;
				GCC_WARN_ABOUT_RETURN_TYPE = YES_ERROR;
				GCC_WARN_UNDECLARED_SELECTOR = YES;
				GCC_WARN_UNINITIALIZED_AUTOS = YES_AGGRESSIVE;
				GCC_WARN_UNUSED_FUNCTION = YES;
				GCC_WARN_UNUSED_VARIABLE = YES;
				IPHONEOS_DEPLOYMENT_TARGET = 12.0;
				MTL_ENABLE_DEBUG_INFO = NO;
				MTL_FAST_MATH = YES;
				SDKROOT = iphoneos;
				SWIFT_COMPILATION_MODE = wholemodule;
				SWIFT_OPTIMIZATION_LEVEL = "-O";
				VALIDATE_PRODUCT = YES;
			};
			name = Release;
		};
		8C50D381216625A0006DFBFA /* Debug */ = {
			isa = XCBuildConfiguration;
			buildSettings = {
				ASSETCATALOG_COMPILER_APPICON_NAME = AppIcon;
				CODE_SIGN_STYLE = Automatic;
				INFOPLIST_FILE = Slider/Info.plist;
				LD_RUNPATH_SEARCH_PATHS = (
					"$(inherited)",
					"@executable_path/Frameworks",
				);
				PRODUCT_BUNDLE_IDENTIFIER = Navsoft.Slider;
				PRODUCT_NAME = "$(TARGET_NAME)";
				SWIFT_VERSION = 4.2;
				TARGETED_DEVICE_FAMILY = "1,2";
			};
			name = Debug;
		};
		8C50D382216625A0006DFBFA /* Release */ = {
			isa = XCBuildConfiguration;
			buildSettings = {
				ASSETCATALOG_COMPILER_APPICON_NAME = AppIcon;
				CODE_SIGN_STYLE = Automatic;
				INFOPLIST_FILE = Slider/Info.plist;
				LD_RUNPATH_SEARCH_PATHS = (
					"$(inherited)",
					"@executable_path/Frameworks",
				);
				PRODUCT_BUNDLE_IDENTIFIER = Navsoft.Slider;
				PRODUCT_NAME = "$(TARGET_NAME)";
				SWIFT_VERSION = 4.2;
				TARGETED_DEVICE_FAMILY = "1,2";
			};
			name = Release;
		};
		8C50D384216625A0006DFBFA /* Debug */ = {
			isa = XCBuildConfiguration;
			buildSettings = {
				ALWAYS_EMBED_SWIFT_STANDARD_LIBRARIES = YES;
				BUNDLE_LOADER = "$(TEST_HOST)";
				CODE_SIGN_STYLE = Automatic;
				INFOPLIST_FILE = SliderTests/Info.plist;
				LD_RUNPATH_SEARCH_PATHS = (
					"$(inherited)",
					"@executable_path/Frameworks",
					"@loader_path/Frameworks",
				);
				PRODUCT_BUNDLE_IDENTIFIER = Navsoft.SliderTests;
				PRODUCT_NAME = "$(TARGET_NAME)";
				SWIFT_VERSION = 4.2;
				TARGETED_DEVICE_FAMILY = "1,2";
				TEST_HOST = "$(BUILT_PRODUCTS_DIR)/Slider.app/Slider";
			};
			name = Debug;
		};
		8C50D385216625A0006DFBFA /* Release */ = {
			isa = XCBuildConfiguration;
			buildSettings = {
				ALWAYS_EMBED_SWIFT_STANDARD_LIBRARIES = YES;
				BUNDLE_LOADER = "$(TEST_HOST)";
				CODE_SIGN_STYLE = Automatic;
				INFOPLIST_FILE = SliderTests/Info.plist;
				LD_RUNPATH_SEARCH_PATHS = (
					"$(inherited)",
					"@executable_path/Frameworks",
					"@loader_path/Frameworks",
				);
				PRODUCT_BUNDLE_IDENTIFIER = Navsoft.SliderTests;
				PRODUCT_NAME = "$(TARGET_NAME)";
				SWIFT_VERSION = 4.2;
				TARGETED_DEVICE_FAMILY = "1,2";
				TEST_HOST = "$(BUILT_PRODUCTS_DIR)/Slider.app/Slider";
			};
			name = Release;
		};
		8C50D387216625A0006DFBFA /* Debug */ = {
			isa = XCBuildConfiguration;
			buildSettings = {
				ALWAYS_EMBED_SWIFT_STANDARD_LIBRARIES = YES;
				CODE_SIGN_STYLE = Automatic;
				INFOPLIST_FILE = SliderUITests/Info.plist;
				LD_RUNPATH_SEARCH_PATHS = (
					"$(inherited)",
					"@executable_path/Frameworks",
					"@loader_path/Frameworks",
				);
				PRODUCT_BUNDLE_IDENTIFIER = Navsoft.SliderUITests;
				PRODUCT_NAME = "$(TARGET_NAME)";
				SWIFT_VERSION = 4.2;
				TARGETED_DEVICE_FAMILY = "1,2";
				TEST_TARGET_NAME = Slider;
			};
			name = Debug;
		};
		8C50D388216625A0006DFBFA /* Release */ = {
			isa = XCBuildConfiguration;
			buildSettings = {
				ALWAYS_EMBED_SWIFT_STANDARD_LIBRARIES = YES;
				CODE_SIGN_STYLE = Automatic;
				INFOPLIST_FILE = SliderUITests/Info.plist;
				LD_RUNPATH_SEARCH_PATHS = (
					"$(inherited)",
					"@executable_path/Frameworks",
					"@loader_path/Frameworks",
				);
				PRODUCT_BUNDLE_IDENTIFIER = Navsoft.SliderUITests;
				PRODUCT_NAME = "$(TARGET_NAME)";
				SWIFT_VERSION = 4.2;
				TARGETED_DEVICE_FAMILY = "1,2";
				TEST_TARGET_NAME = Slider;
			};
			name = Release;
		};
/* End XCBuildConfiguration section */

/* Begin XCConfigurationList section */
		8C50D35021662596006DFBFA /* Build configuration list for PBXProject "Slider" */ = {
			isa = XCConfigurationList;
			buildConfigurations = (
				8C50D37E216625A0006DFBFA /* Debug */,
				8C50D37F216625A0006DFBFA /* Release */,
			);
			defaultConfigurationIsVisible = 0;
			defaultConfigurationName = Release;
		};
		8C50D380216625A0006DFBFA /* Build configuration list for PBXNativeTarget "Slider" */ = {
			isa = XCConfigurationList;
			buildConfigurations = (
				8C50D381216625A0006DFBFA /* Debug */,
				8C50D382216625A0006DFBFA /* Release */,
			);
			defaultConfigurationIsVisible = 0;
			defaultConfigurationName = Release;
		};
		8C50D383216625A0006DFBFA /* Build configuration list for PBXNativeTarget "SliderTests" */ = {
			isa = XCConfigurationList;
			buildConfigurations = (
				8C50D384216625A0006DFBFA /* Debug */,
				8C50D385216625A0006DFBFA /* Release */,
			);
			defaultConfigurationIsVisible = 0;
			defaultConfigurationName = Release;
		};
		8C50D386216625A0006DFBFA /* Build configuration list for PBXNativeTarget "SliderUITests" */ = {
			isa = XCConfigurationList;
			buildConfigurations = (
				8C50D387216625A0006DFBFA /* Debug */,
				8C50D388216625A0006DFBFA /* Release */,
			);
			defaultConfigurationIsVisible = 0;
			defaultConfigurationName = Release;
		};
/* End XCConfigurationList section */

/* Begin XCVersionGroup section */
		8C50D35F21662596006DFBFA /* Slider.xcdatamodeld */ = {
			isa = XCVersionGroup;
			children = (
				8C50D36021662596006DFBFA /* Slider.xcdatamodel */,
			);
			currentVersion = 8C50D36021662596006DFBFA /* Slider.xcdatamodel */;
			path = Slider.xcdatamodeld;
			sourceTree = "<group>";
			versionGroupType = wrapper.xcdatamodel;
		};
/* End XCVersionGroup section */
	};
	rootObject = 8C50D34D21662596006DFBFA /* Project object */;
}
